
Microsoft Visual Studio Solution File, Format Version 12.00
# Visual Studio Version 17
VisualStudioVersion = 17.14.36202.13 d17.14
MinimumVisualStudioVersion = 10.0.40219.1
Project("{FAE04EC0-301F-11D3-BF4B-00C04F79EFBC}") = "presentacion", "presentacion\presentacion.csproj", "{26BC3542-F411-491E-A2AB-0D83878DDBB9}"
EndProject
Global
	GlobalSection(SolutionConfigurationPlatforms) = preSolution
		Debug|Any CPU = Debug|Any CPU
		Release|Any CPU = Release|Any CPU
	EndGlobalSection
	GlobalSection(ProjectConfigurationPlatforms) = postSolution
		{26BC3542-F411-491E-A2AB-0D83878DDBB9}.Debug|Any CPU.ActiveCfg = Debug|Any CPU
		{26BC3542-F411-491E-A2AB-0D83878DDBB9}.Debug|Any CPU.Build.0 = Debug|Any CPU
		{26BC3542-F411-491E-A2AB-0D83878DDBB9}.Release|Any CPU.ActiveCfg = Release|Any CPU
		{26BC3542-F411-491E-A2AB-0D83878DDBB9}.Release|Any CPU.Build.0 = Release|Any CPU
	EndGlobalSection
	GlobalSection(SolutionProperties) = preSolution
		HideSolutionNode = FALSE
	EndGlobalSection
	GlobalSection(ExtensibilityGlobals) = postSolution
		SolutionGuid = {853C8F80-B8F5-43FC-BC7B-AEB37009DE58}
	EndGlobalSection
EndGlobal
